# This file is automatically @generated by Poetry 1.4.2 and should not be changed by hand.

[[package]]
name = "asgiref"
version = "3.6.0"
description = "ASGI specs, helper code, and adapters"
category = "main"
optional = false
python-versions = ">=3.7"
files = [
    {file = "asgiref-3.6.0-py3-none-any.whl", hash = "sha256:71e68008da809b957b7ee4b43dbccff33d1b23519fb8344e33f049897077afac"},
    {file = "asgiref-3.6.0.tar.gz", hash = "sha256:9567dfe7bd8d3c8c892227827c41cce860b368104c3431da67a0c5a65a949506"},
]

[package.extras]
tests = ["mypy (>=0.800)", "pytest", "pytest-asyncio"]

[[package]]
name = "django"
version = "4.2"
description = "A high-level Python web framework that encourages rapid development and clean, pragmatic design."
category = "main"
optional = false
python-versions = ">=3.8"
files = [
    {file = "Django-4.2-py3-none-any.whl", hash = "sha256:ad33ed68db9398f5dfb33282704925bce044bef4261cd4fb59e4e7f9ae505a78"},
    {file = "Django-4.2.tar.gz", hash = "sha256:c36e2ab12824e2ac36afa8b2515a70c53c7742f0d6eaefa7311ec379558db997"},
]

[package.dependencies]
asgiref = ">=3.6.0,<4"
sqlparse = ">=0.3.1"
tzdata = {version = "*", markers = "sys_platform == \"win32\""}

[package.extras]
argon2 = ["argon2-cffi (>=19.1.0)"]
bcrypt = ["bcrypt"]

[[package]]
name = "django-cors-headers"
version = "3.14.0"
description = "django-cors-headers is a Django application for handling the server headers required for Cross-Origin Resource Sharing (CORS)."
category = "main"
optional = false
python-versions = ">=3.7"
files = [
    {file = "django_cors_headers-3.14.0-py3-none-any.whl", hash = "sha256:684180013cc7277bdd8702b80a3c5a4b3fcae4abb2bf134dceb9f5dfe300228e"},
    {file = "django_cors_headers-3.14.0.tar.gz", hash = "sha256:5fbd58a6fb4119d975754b2bc090f35ec160a8373f276612c675b00e8a138739"},
]

[package.dependencies]
Django = ">=3.2"

[[package]]
name = "python-dotenv"
version = "1.0.0"
description = "Read key-value pairs from a .env file and set them as environment variables"
category = "main"
optional = false
python-versions = ">=3.8"
files = [
    {file = "python-dotenv-1.0.0.tar.gz", hash = "sha256:a8df96034aae6d2d50a4ebe8216326c61c3eb64836776504fcca410e5937a3ba"},
    {file = "python_dotenv-1.0.0-py3-none-any.whl", hash = "sha256:f5971a9226b701070a4bf2c38c89e5a3f0d64de8debda981d1db98583009122a"},
]

[package.extras]
cli = ["click (>=5.0)"]

[[package]]
name = "ruff"
version = "0.0.269"
description = "An extremely fast Python linter, written in Rust."
category = "dev"
optional = false
python-versions = ">=3.7"
files = [
    {file = "ruff-0.0.269-py3-none-macosx_10_7_x86_64.whl", hash = "sha256:3569bcdee679045c09c0161fabc057599759c49219a08d9a4aad2cc3982ccba3"},
    {file = "ruff-0.0.269-py3-none-macosx_10_9_x86_64.macosx_11_0_arm64.macosx_10_9_universal2.whl", hash = "sha256:56347da63757a56cbce7d4b3d6044ca4f1941cd1bbff3714f7554360c3361f83"},
    {file = "ruff-0.0.269-py3-none-manylinux_2_17_aarch64.manylinux2014_aarch64.whl", hash = "sha256:6da8ee25ef2f0cc6cc8e6e20942c1d44d25a36dce35070d7184655bc14f63f63"},
    {file = "ruff-0.0.269-py3-none-manylinux_2_17_armv7l.manylinux2014_armv7l.whl", hash = "sha256:bd81b8e681b9eaa6cf15484f3985bd8bd97c3d114e95bff3e8ea283bf8865062"},
    {file = "ruff-0.0.269-py3-none-manylinux_2_17_i686.manylinux2014_i686.whl", hash = "sha256:1f19f59ca3c28742955241fb452f3346241ddbd34e72ac5cb3d84fadebcf6bc8"},
    {file = "ruff-0.0.269-py3-none-manylinux_2_17_ppc64.manylinux2014_ppc64.whl", hash = "sha256:f062059b8289a4fab7f6064601b811d447c2f9d3d432a17f689efe4d68988450"},
    {file = "ruff-0.0.269-py3-none-manylinux_2_17_ppc64le.manylinux2014_ppc64le.whl", hash = "sha256:3f5dc7aac52c58e82510217e3c7efd80765c134c097c2815d59e40face0d1fe6"},
    {file = "ruff-0.0.269-py3-none-manylinux_2_17_s390x.manylinux2014_s390x.whl", hash = "sha256:e131b4dbe798c391090c6407641d6ab12c0fa1bb952379dde45e5000e208dabb"},
    {file = "ruff-0.0.269-py3-none-manylinux_2_17_x86_64.manylinux2014_x86_64.whl", hash = "sha256:a374434e588e06550df0f8dcb74777290f285678de991fda4e1063c367ab2eb2"},
    {file = "ruff-0.0.269-py3-none-musllinux_1_2_aarch64.whl", hash = "sha256:cec2f4b84a14b87f1b121488649eb5b4eaa06467a2387373f750da74bdcb5679"},
    {file = "ruff-0.0.269-py3-none-musllinux_1_2_armv7l.whl", hash = "sha256:374b161753a247904aec7a32d45e165302b76b6e83d22d099bf3ff7c232c888f"},
    {file = "ruff-0.0.269-py3-none-musllinux_1_2_i686.whl", hash = "sha256:9ca0a1ddb1d835b5f742db9711c6cf59f213a1ad0088cb1e924a005fd399e7d8"},
    {file = "ruff-0.0.269-py3-none-musllinux_1_2_x86_64.whl", hash = "sha256:5a20658f0b97d207c7841c13d528f36d666bf445b00b01139f28a8ccb80093bb"},
    {file = "ruff-0.0.269-py3-none-win32.whl", hash = "sha256:03ff42bc91ceca58e0f0f072cb3f9286a9208f609812753474e799a997cdad1a"},
    {file = "ruff-0.0.269-py3-none-win_amd64.whl", hash = "sha256:f3b59ccff57b21ef0967ea8021fd187ec14c528ec65507d8bcbe035912050776"},
    {file = "ruff-0.0.269-py3-none-win_arm64.whl", hash = "sha256:bbeb857b1e508a4487bdb02ca1e6d41dd8d5ac5335a5246e25de8a3dff38c1ff"},
    {file = "ruff-0.0.269.tar.gz", hash = "sha256:11ddcfbab32cf5c420ea9dd5531170ace5a3e59c16d9251c7bd2581f7b16f602"},
]

[[package]]
name = "sqlparse"
version = "0.4.4"
description = "A non-validating SQL parser."
category = "main"
optional = false
python-versions = ">=3.5"
files = [
    {file = "sqlparse-0.4.4-py3-none-any.whl", hash = "sha256:5430a4fe2ac7d0f93e66f1efc6e1338a41884b7ddf2a350cedd20ccc4d9d28f3"},
    {file = "sqlparse-0.4.4.tar.gz", hash = "sha256:d446183e84b8349fa3061f0fe7f06ca94ba65b426946ffebe6e3e8295332420c"},
]

[package.extras]
dev = ["build", "flake8"]
doc = ["sphinx"]
test = ["pytest", "pytest-cov"]

[[package]]
name = "tzdata"
version = "2023.3"
description = "Provider of IANA time zone data"
category = "main"
optional = false
python-versions = ">=2"
files = [
    {file = "tzdata-2023.3-py2.py3-none-any.whl", hash = "sha256:7e65763eef3120314099b6939b5546db7adce1e7d6f2e179e3df563c70511eda"},
    {file = "tzdata-2023.3.tar.gz", hash = "sha256:11ef1e08e54acb0d4f95bdb1be05da659673de4acbd21bf9c69e94cc5e907a3a"},
]

[metadata]
lock-version = "2.0"
python-versions = "^3.11"
content-hash = "33b46f369a138d3648fa1c15bd3bb2b0f8ae96cceb58feda4fd1aead225cec15"
